
Microsoft Visual Studio Solution File, Format Version 12.00
# Visual Studio Version 17
VisualStudioVersion = 17.14.36603.0 d17.14
MinimumVisualStudioVersion = 10.0.40219.1
Project("{FAE04EC0-301F-11D3-BF4B-00C04F79EFBC}") = "HiCore", "HiCore\HiCore.csproj", "{C1F304A1-5C9F-457B-A40D-B61910C85738}"
EndProject
Global
	GlobalSection(SolutionConfigurationPlatforms) = preSolution
		Debug|Any CPU = Debug|Any CPU
		Release|Any CPU = Release|Any CPU
	EndGlobalSection
	GlobalSection(ProjectConfigurationPlatforms) = postSolution
		{C1F304A1-5C9F-457B-A40D-B61910C85738}.Debug|Any CPU.ActiveCfg = Debug|Any CPU
		{C1F304A1-5C9F-457B-A40D-B61910C85738}.Debug|Any CPU.Build.0 = Debug|Any CPU
		{C1F304A1-5C9F-457B-A40D-B61910C85738}.Release|Any CPU.ActiveCfg = Release|Any CPU
		{C1F304A1-5C9F-457B-A40D-B61910C85738}.Release|Any CPU.Build.0 = Release|Any CPU
	EndGlobalSection
	GlobalSection(SolutionProperties) = preSolution
		HideSolutionNode = FALSE
	EndGlobalSection
	GlobalSection(ExtensibilityGlobals) = postSolution
		SolutionGuid = {6A01D88A-EEDF-446D-953E-D958E93987E1}
	EndGlobalSection
EndGlobal
